
Microsoft Visual Studio Solution File, Format Version 12.00
# Visual Studio Version 17
VisualStudioVersion = 17.10.35013.160
MinimumVisualStudioVersion = 10.0.40219.1
Project("{FAE04EC0-301F-11D3-BF4B-00C04F79EFBC}") = "ProjetoFinal-MVC", "ProjetoFinal-MVC\ProjetoFinal-MVC.csproj", "{7627D4DA-E6B6-41B6-9353-46FE8D855308}"
EndProject
Global
	GlobalSection(SolutionConfigurationPlatforms) = preSolution
		Debug|Any CPU = Debug|Any CPU
		Release|Any CPU = Release|Any CPU
	EndGlobalSection
	GlobalSection(ProjectConfigurationPlatforms) = postSolution
		{7627D4DA-E6B6-41B6-9353-46FE8D855308}.Debug|Any CPU.ActiveCfg = Debug|Any CPU
		{7627D4DA-E6B6-41B6-9353-46FE8D855308}.Debug|Any CPU.Build.0 = Debug|Any CPU
		{7627D4DA-E6B6-41B6-9353-46FE8D855308}.Release|Any CPU.ActiveCfg = Release|Any CPU
		{7627D4DA-E6B6-41B6-9353-46FE8D855308}.Release|Any CPU.Build.0 = Release|Any CPU
	EndGlobalSection
	GlobalSection(SolutionProperties) = preSolution
		HideSolutionNode = FALSE
	EndGlobalSection
	GlobalSection(ExtensibilityGlobals) = postSolution
		SolutionGuid = {E1F85D36-EF0A-4B93-A9E5-9DC3EFDF243E}
	EndGlobalSection
EndGlobal
